
Microsoft Visual Studio Solution File, Format Version 12.00
# Visual Studio Version 16
VisualStudioVersion = 16.0.30804.86
MinimumVisualStudioVersion = 10.0.40219.1
Project("{FAE04EC0-301F-11D3-BF4B-00C04F79EFBC}") = "DatabaseProvide", "DatabaseProvide\DatabaseProvide.csproj", "{FF12E0B3-C672-4C6C-ACF3-5C1D36E655AD}"
EndProject
Project("{FAE04EC0-301F-11D3-BF4B-00C04F79EFBC}") = "DatabaseIO", "DatabaseIO\DatabaseIO.csproj", "{087F73E3-06D4-4071-A214-F0838C8280A5}"
EndProject
Project("{FAE04EC0-301F-11D3-BF4B-00C04F79EFBC}") = "HHSPHIM", "HHSPHIM\HHSPHIM.csproj", "{D2AD7C9B-EC77-47E4-AD87-F88AA14F4580}"
EndProject
Global
	GlobalSection(SolutionConfigurationPlatforms) = preSolution
		Debug|Any CPU = Debug|Any CPU
		Release|Any CPU = Release|Any CPU
	EndGlobalSection
	GlobalSection(ProjectConfigurationPlatforms) = postSolution
		{FF12E0B3-C672-4C6C-ACF3-5C1D36E655AD}.Debug|Any CPU.ActiveCfg = Debug|Any CPU
		{FF12E0B3-C672-4C6C-ACF3-5C1D36E655AD}.Debug|Any CPU.Build.0 = Debug|Any CPU
		{FF12E0B3-C672-4C6C-ACF3-5C1D36E655AD}.Release|Any CPU.ActiveCfg = Release|Any CPU
		{FF12E0B3-C672-4C6C-ACF3-5C1D36E655AD}.Release|Any CPU.Build.0 = Release|Any CPU
		{087F73E3-06D4-4071-A214-F0838C8280A5}.Debug|Any CPU.ActiveCfg = Debug|Any CPU
		{087F73E3-06D4-4071-A214-F0838C8280A5}.Debug|Any CPU.Build.0 = Debug|Any CPU
		{087F73E3-06D4-4071-A214-F0838C8280A5}.Release|Any CPU.ActiveCfg = Release|Any CPU
		{087F73E3-06D4-4071-A214-F0838C8280A5}.Release|Any CPU.Build.0 = Release|Any CPU
		{D2AD7C9B-EC77-47E4-AD87-F88AA14F4580}.Debug|Any CPU.ActiveCfg = Debug|Any CPU
		{D2AD7C9B-EC77-47E4-AD87-F88AA14F4580}.Debug|Any CPU.Build.0 = Debug|Any CPU
		{D2AD7C9B-EC77-47E4-AD87-F88AA14F4580}.Release|Any CPU.ActiveCfg = Release|Any CPU
		{D2AD7C9B-EC77-47E4-AD87-F88AA14F4580}.Release|Any CPU.Build.0 = Release|Any CPU
	EndGlobalSection
	GlobalSection(SolutionProperties) = preSolution
		HideSolutionNode = FALSE
	EndGlobalSection
	GlobalSection(ExtensibilityGlobals) = postSolution
		SolutionGuid = {488237D4-398B-452A-96E0-FBF53D2D5DCC}
	EndGlobalSection
EndGlobal
